
Microsoft Visual Studio Solution File, Format Version 12.00
# Visual Studio Version 17
VisualStudioVersion = 17.7.34031.279
MinimumVisualStudioVersion = 10.0.40219.1
Project("{FAE04EC0-301F-11D3-BF4B-00C04F79EFBC}") = "ApiProject", "ApiProject\ApiProject.csproj", "{018EA16C-3811-4DB9-843D-9AF63667EC17}"
EndProject
Project("{FAE04EC0-301F-11D3-BF4B-00C04F79EFBC}") = "ApiProject.Features", "ApiProject.Features\ApiProject.Features.csproj", "{AE3D5B17-0498-4161-8104-ED6B320F74D4}"
EndProject
Project("{FAE04EC0-301F-11D3-BF4B-00C04F79EFBC}") = "ApiProject.Views", "ApiProject.Views\ApiProject.Views.csproj", "{FD280527-3097-4DF5-A15D-633795C6AD7D}"
EndProject
Global
	GlobalSection(SolutionConfigurationPlatforms) = preSolution
		Debug|Any CPU = Debug|Any CPU
		Release|Any CPU = Release|Any CPU
	EndGlobalSection
	GlobalSection(ProjectConfigurationPlatforms) = postSolution
		{018EA16C-3811-4DB9-843D-9AF63667EC17}.Debug|Any CPU.ActiveCfg = Debug|Any CPU
		{018EA16C-3811-4DB9-843D-9AF63667EC17}.Debug|Any CPU.Build.0 = Debug|Any CPU
		{018EA16C-3811-4DB9-843D-9AF63667EC17}.Release|Any CPU.ActiveCfg = Release|Any CPU
		{018EA16C-3811-4DB9-843D-9AF63667EC17}.Release|Any CPU.Build.0 = Release|Any CPU
		{AE3D5B17-0498-4161-8104-ED6B320F74D4}.Debug|Any CPU.ActiveCfg = Debug|Any CPU
		{AE3D5B17-0498-4161-8104-ED6B320F74D4}.Debug|Any CPU.Build.0 = Debug|Any CPU
		{AE3D5B17-0498-4161-8104-ED6B320F74D4}.Release|Any CPU.ActiveCfg = Release|Any CPU
		{AE3D5B17-0498-4161-8104-ED6B320F74D4}.Release|Any CPU.Build.0 = Release|Any CPU
		{FD280527-3097-4DF5-A15D-633795C6AD7D}.Debug|Any CPU.ActiveCfg = Debug|Any CPU
		{FD280527-3097-4DF5-A15D-633795C6AD7D}.Debug|Any CPU.Build.0 = Debug|Any CPU
		{FD280527-3097-4DF5-A15D-633795C6AD7D}.Release|Any CPU.ActiveCfg = Release|Any CPU
		{FD280527-3097-4DF5-A15D-633795C6AD7D}.Release|Any CPU.Build.0 = Release|Any CPU
	EndGlobalSection
	GlobalSection(SolutionProperties) = preSolution
		HideSolutionNode = FALSE
	EndGlobalSection
	GlobalSection(ExtensibilityGlobals) = postSolution
		SolutionGuid = {82915182-41B1-4EA7-9B22-5C6566A768CD}
	EndGlobalSection
EndGlobal
